{
  "name": "graphql-scl",
  "version": "1.0.0",
  "lockfileVersion": 2,
  "requires": true,
  "packages": {
    "": {
      "version": "1.0.0",
      "license": "ISC",
      "devDependencies": {
        "prisma": "^2.23.0"
      }
    },
    "node_modules/@prisma/engines": {
      "version": "2.23.0-36.adf5e8cba3daf12d456d911d72b6e9418681b28b",
      "resolved": "https://registry.npmjs.org/@prisma/engines/-/engines-2.23.0-36.adf5e8cba3daf12d456d911d72b6e9418681b28b.tgz",
      "integrity": "sha512-Tgk3kggO5B9IT6mimJAw6HSxbFoDAuDKL3sHHSS41EnQm76j/nf4uhGZFPzOQwZWOLeT5ZLO2khr4/FCA9Nkhw==",
      "dev": true,
      "hasInstallScript": true
    },
    "node_modules/prisma": {
      "version": "2.23.0",
      "resolved": "https://registry.npmjs.org/prisma/-/prisma-2.23.0.tgz",
      "integrity": "sha512-3c/lmDy8nsPcEsfCufvCTJUEuwmAcTPbeGg9fL1qjlvS314duLUA/k2nm3n1rq4ImKqzeC5uaKfvI2IoAfwrJA==",
      "dev": true,
      "hasInstallScript": true,
      "dependencies": {
        "@prisma/engines": "2.23.0-36.adf5e8cba3daf12d456d911d72b6e9418681b28b"
      },
      "bin": {
        "prisma": "build/index.js",
        "prisma2": "build/index.js"
      },
      "engines": {
        "node": ">=10.4"
      }
    }
  },
  "dependencies": {
    "@prisma/engines": {
      "version": "2.23.0-36.adf5e8cba3daf12d456d911d72b6e9418681b28b",
      "resolved": "https://registry.npmjs.org/@prisma/engines/-/engines-2.23.0-36.adf5e8cba3daf12d456d911d72b6e9418681b28b.tgz",
      "integrity": "sha512-Tgk3kggO5B9IT6mimJAw6HSxbFoDAuDKL3sHHSS41EnQm76j/nf4uhGZFPzOQwZWOLeT5ZLO2khr4/FCA9Nkhw==",
      "dev": true
    },
    "prisma": {
      "version": "2.23.0",
      "resolved": "https://registry.npmjs.org/prisma/-/prisma-2.23.0.tgz",
      "integrity": "sha512-3c/lmDy8nsPcEsfCufvCTJUEuwmAcTPbeGg9fL1qjlvS314duLUA/k2nm3n1rq4ImKqzeC5uaKfvI2IoAfwrJA==",
      "dev": true,
      "requires": {
        "@prisma/engines": "2.23.0-36.adf5e8cba3daf12d456d911d72b6e9418681b28b"
      }
    }
  }
}
